
Microsoft Visual Studio Solution File, Format Version 12.00
# Visual Studio Version 17
VisualStudioVersion = 17.3.32922.545
MinimumVisualStudioVersion = 10.0.40219.1
Project("{FAE04EC0-301F-11D3-BF4B-00C04F79EFBC}") = "KFC_PhamTungDuong_Admin", "KFC_PhamTungDuong_Admin.csproj", "{68321940-6DB6-46C0-8B46-E6EE5E3CCA4C}"
EndProject
Global
	GlobalSection(SolutionConfigurationPlatforms) = preSolution
		Debug|Any CPU = Debug|Any CPU
		Release|Any CPU = Release|Any CPU
	EndGlobalSection
	GlobalSection(ProjectConfigurationPlatforms) = postSolution
		{68321940-6DB6-46C0-8B46-E6EE5E3CCA4C}.Debug|Any CPU.ActiveCfg = Debug|Any CPU
		{68321940-6DB6-46C0-8B46-E6EE5E3CCA4C}.Debug|Any CPU.Build.0 = Debug|Any CPU
		{68321940-6DB6-46C0-8B46-E6EE5E3CCA4C}.Release|Any CPU.ActiveCfg = Release|Any CPU
		{68321940-6DB6-46C0-8B46-E6EE5E3CCA4C}.Release|Any CPU.Build.0 = Release|Any CPU
	EndGlobalSection
	GlobalSection(SolutionProperties) = preSolution
		HideSolutionNode = FALSE
	EndGlobalSection
	GlobalSection(ExtensibilityGlobals) = postSolution
		SolutionGuid = {4CFEFBDC-9648-448D-98F7-C57EC77B5A17}
	EndGlobalSection
EndGlobal
