
Microsoft Visual Studio Solution File, Format Version 12.00
# Visual Studio Version 17
VisualStudioVersion = 17.3.32922.545
MinimumVisualStudioVersion = 10.0.40219.1
Project("{9A19103F-16F7-4668-BE54-9A1E7A4F7556}") = "KFC_PhamTungDuong_Admin", "KFC_PhamTungDuong_Admin.csproj", "{68321940-6DB6-46C0-8B46-E6EE5E3CCA4C}"
EndProject
Project("{FAE04EC0-301F-11D3-BF4B-00C04F79EFBC}") = "KFC_PhamTungDuong_User", "..\KFC_PhamTungDuong_User\KFC_PhamTungDuong_User.csproj", "{56AF85B1-425C-4040-8AAE-44CFD390E824}"
EndProject
Project("{FAE04EC0-301F-11D3-BF4B-00C04F79EFBC}") = "MODEL", "..\Model\MODEL.csproj", "{79F3604E-D489-436A-A8C8-C88E62386233}"
EndProject
Project("{FAE04EC0-301F-11D3-BF4B-00C04F79EFBC}") = "DAL", "..\DAL\DAL.csproj", "{68CEB698-EACB-4B2E-9F77-437AFAC0D37E}"
EndProject
Project("{FAE04EC0-301F-11D3-BF4B-00C04F79EFBC}") = "BUS", "..\BUS\BUS.csproj", "{196371DA-A531-4549-8CB0-42D96955F853}"
EndProject
Global
	GlobalSection(SolutionConfigurationPlatforms) = preSolution
		Debug|Any CPU = Debug|Any CPU
		Release|Any CPU = Release|Any CPU
	EndGlobalSection
	GlobalSection(ProjectConfigurationPlatforms) = postSolution
		{68321940-6DB6-46C0-8B46-E6EE5E3CCA4C}.Debug|Any CPU.ActiveCfg = Debug|Any CPU
		{68321940-6DB6-46C0-8B46-E6EE5E3CCA4C}.Debug|Any CPU.Build.0 = Debug|Any CPU
		{68321940-6DB6-46C0-8B46-E6EE5E3CCA4C}.Release|Any CPU.ActiveCfg = Release|Any CPU
		{68321940-6DB6-46C0-8B46-E6EE5E3CCA4C}.Release|Any CPU.Build.0 = Release|Any CPU
		{56AF85B1-425C-4040-8AAE-44CFD390E824}.Debug|Any CPU.ActiveCfg = Debug|Any CPU
		{56AF85B1-425C-4040-8AAE-44CFD390E824}.Debug|Any CPU.Build.0 = Debug|Any CPU
		{56AF85B1-425C-4040-8AAE-44CFD390E824}.Release|Any CPU.ActiveCfg = Release|Any CPU
		{56AF85B1-425C-4040-8AAE-44CFD390E824}.Release|Any CPU.Build.0 = Release|Any CPU
		{79F3604E-D489-436A-A8C8-C88E62386233}.Debug|Any CPU.ActiveCfg = Debug|Any CPU
		{79F3604E-D489-436A-A8C8-C88E62386233}.Debug|Any CPU.Build.0 = Debug|Any CPU
		{79F3604E-D489-436A-A8C8-C88E62386233}.Release|Any CPU.ActiveCfg = Release|Any CPU
		{79F3604E-D489-436A-A8C8-C88E62386233}.Release|Any CPU.Build.0 = Release|Any CPU
		{68CEB698-EACB-4B2E-9F77-437AFAC0D37E}.Debug|Any CPU.ActiveCfg = Debug|Any CPU
		{68CEB698-EACB-4B2E-9F77-437AFAC0D37E}.Debug|Any CPU.Build.0 = Debug|Any CPU
		{68CEB698-EACB-4B2E-9F77-437AFAC0D37E}.Release|Any CPU.ActiveCfg = Release|Any CPU
		{68CEB698-EACB-4B2E-9F77-437AFAC0D37E}.Release|Any CPU.Build.0 = Release|Any CPU
		{196371DA-A531-4549-8CB0-42D96955F853}.Debug|Any CPU.ActiveCfg = Debug|Any CPU
		{196371DA-A531-4549-8CB0-42D96955F853}.Debug|Any CPU.Build.0 = Debug|Any CPU
		{196371DA-A531-4549-8CB0-42D96955F853}.Release|Any CPU.ActiveCfg = Release|Any CPU
		{196371DA-A531-4549-8CB0-42D96955F853}.Release|Any CPU.Build.0 = Release|Any CPU
	EndGlobalSection
	GlobalSection(SolutionProperties) = preSolution
		HideSolutionNode = FALSE
	EndGlobalSection
	GlobalSection(ExtensibilityGlobals) = postSolution
		SolutionGuid = {4CFEFBDC-9648-448D-98F7-C57EC77B5A17}
	EndGlobalSection
EndGlobal
